// !$*UTF8*$!
{
	archiveVersion = 1;
	classes = {
	};
	objectVersion = 56;
	objects = {

/* Begin PBXBuildFile section */
		203DE3E82C57D15800F0C8CC /* Assets.xcassets in Resources */ = {isa = PBXBuildFile; fileRef = 203DE3E72C57D15800F0C8CC /* Assets.xcassets */; };
		203DE3EB2C57D15800F0C8CC /* Preview Assets.xcassets in Resources */ = {isa = PBXBuildFile; fileRef = 203DE3EA2C57D15800F0C8CC /* Preview Assets.xcassets */; };
		203DE3F52C57D15800F0C8CC /* CurrencyConverterTests.swift in Sources */ = {isa = PBXBuildFile; fileRef = 203DE3F42C57D15800F0C8CC /* CurrencyConverterTests.swift */; };
		203DE3FF2C57D15800F0C8CC /* CurrencyConverterUITests.swift in Sources */ = {isa = PBXBuildFile; fileRef = 203DE3FE2C57D15800F0C8CC /* CurrencyConverterUITests.swift */; };
		203DE4012C57D15800F0C8CC /* CurrencyConverterUITestsLaunchTests.swift in Sources */ = {isa = PBXBuildFile; fileRef = 203DE4002C57D15800F0C8CC /* CurrencyConverterUITestsLaunchTests.swift */; };
		203DE40F2C57D18000F0C8CC /* AppDelegate.swift in Sources */ = {isa = PBXBuildFile; fileRef = 203DE40E2C57D18000F0C8CC /* AppDelegate.swift */; };
		203DE4112C57D18A00F0C8CC /* SceneDelegate.swift in Sources */ = {isa = PBXBuildFile; fileRef = 203DE4102C57D18A00F0C8CC /* SceneDelegate.swift */; };
		203DE4142C57D19900F0C8CC /* Currency.swift in Sources */ = {isa = PBXBuildFile; fileRef = 203DE4132C57D19900F0C8CC /* Currency.swift */; };
		203DE4172C57D1A700F0C8CC /* ConverterView.swift in Sources */ = {isa = PBXBuildFile; fileRef = 203DE4162C57D1A700F0C8CC /* ConverterView.swift */; };
		203DE41A2C57D1D100F0C8CC /* ConverterViewModel.swift in Sources */ = {isa = PBXBuildFile; fileRef = 203DE4192C57D1D100F0C8CC /* ConverterViewModel.swift */; };
		203DE41D2C57D35400F0C8CC /* APIService.swift in Sources */ = {isa = PBXBuildFile; fileRef = 203DE41C2C57D35400F0C8CC /* APIService.swift */; };
/* End PBXBuildFile section */

/* Begin PBXContainerItemProxy section */
		203DE3F12C57D15800F0C8CC /* PBXContainerItemProxy */ = {
			isa = PBXContainerItemProxy;
			containerPortal = 203DE3D82C57D15700F0C8CC /* Project object */;
			proxyType = 1;
			remoteGlobalIDString = 203DE3DF2C57D15700F0C8CC;
			remoteInfo = CurrencyConverter;
		};
		203DE3FB2C57D15800F0C8CC /* PBXContainerItemProxy */ = {
			isa = PBXContainerItemProxy;
			containerPortal = 203DE3D82C57D15700F0C8CC /* Project object */;
			proxyType = 1;
			remoteGlobalIDString = 203DE3DF2C57D15700F0C8CC;
			remoteInfo = CurrencyConverter;
		};
/* End PBXContainerItemProxy section */

/* Begin PBXFileReference section */
		203DE3E02C57D15700F0C8CC /* CurrencyConverter.app */ = {isa = PBXFileReference; explicitFileType = wrapper.application; includeInIndex = 0; path = CurrencyConverter.app; sourceTree = BUILT_PRODUCTS_DIR; };
		203DE3E72C57D15800F0C8CC /* Assets.xcassets */ = {isa = PBXFileReference; lastKnownFileType = folder.assetcatalog; path = Assets.xcassets; sourceTree = "<group>"; };
		203DE3EA2C57D15800F0C8CC /* Preview Assets.xcassets */ = {isa = PBXFileReference; lastKnownFileType = folder.assetcatalog; path = "Preview Assets.xcassets"; sourceTree = "<group>"; };
		203DE3F02C57D15800F0C8CC /* CurrencyConverterTests.xctest */ = {isa = PBXFileReference; explicitFileType = wrapper.cfbundle; includeInIndex = 0; path = CurrencyConverterTests.xctest; sourceTree = BUILT_PRODUCTS_DIR; };
		203DE3F42C57D15800F0C8CC /* CurrencyConverterTests.swift */ = {isa = PBXFileReference; lastKnownFileType = sourcecode.swift; path = CurrencyConverterTests.swift; sourceTree = "<group>"; };
		203DE3FA2C57D15800F0C8CC /* CurrencyConverterUITests.xctest */ = {isa = PBXFileReference; explicitFileType = wrapper.cfbundle; includeInIndex = 0; path = CurrencyConverterUITests.xctest; sourceTree = BUILT_PRODUCTS_DIR; };
		203DE3FE2C57D15800F0C8CC /* CurrencyConverterUITests.swift */ = {isa = PBXFileReference; lastKnownFileType = sourcecode.swift; path = CurrencyConverterUITests.swift; sourceTree = "<group>"; };
		203DE4002C57D15800F0C8CC /* CurrencyConverterUITestsLaunchTests.swift */ = {isa = PBXFileReference; lastKnownFileType = sourcecode.swift; path = CurrencyConverterUITestsLaunchTests.swift; sourceTree = "<group>"; };
		203DE40E2C57D18000F0C8CC /* AppDelegate.swift */ = {isa = PBXFileReference; lastKnownFileType = sourcecode.swift; path = AppDelegate.swift; sourceTree = "<group>"; };
		203DE4102C57D18A00F0C8CC /* SceneDelegate.swift */ = {isa = PBXFileReference; lastKnownFileType = sourcecode.swift; path = SceneDelegate.swift; sourceTree = "<group>"; };
		203DE4132C57D19900F0C8CC /* Currency.swift */ = {isa = PBXFileReference; lastKnownFileType = sourcecode.swift; path = Currency.swift; sourceTree = "<group>"; };
		203DE4162C57D1A700F0C8CC /* ConverterView.swift */ = {isa = PBXFileReference; lastKnownFileType = sourcecode.swift; path = ConverterView.swift; sourceTree = "<group>"; };
		203DE4192C57D1D100F0C8CC /* ConverterViewModel.swift */ = {isa = PBXFileReference; lastKnownFileType = sourcecode.swift; path = ConverterViewModel.swift; sourceTree = "<group>"; };
		203DE41C2C57D35400F0C8CC /* APIService.swift */ = {isa = PBXFileReference; lastKnownFileType = sourcecode.swift; path = APIService.swift; sourceTree = "<group>"; };
/* End PBXFileReference section */

/* Begin PBXFrameworksBuildPhase section */
		203DE3DD2C57D15700F0C8CC /* Frameworks */ = {
			isa = PBXFrameworksBuildPhase;
			buildActionMask = 2147483647;
			files = (
			);
			runOnlyForDeploymentPostprocessing = 0;
		};
		203DE3ED2C57D15800F0C8CC /* Frameworks */ = {
			isa = PBXFrameworksBuildPhase;
			buildActionMask = 2147483647;
			files = (
			);
			runOnlyForDeploymentPostprocessing = 0;
		};
		203DE3F72C57D15800F0C8CC /* Frameworks */ = {
			isa = PBXFrameworksBuildPhase;
			buildActionMask = 2147483647;
			files = (
			);
			runOnlyForDeploymentPostprocessing = 0;
		};
/* End PBXFrameworksBuildPhase section */

/* Begin PBXGroup section */
		203DE3D72C57D15700F0C8CC = {
			isa = PBXGroup;
			children = (
				203DE3E22C57D15700F0C8CC /* CurrencyConverter */,
				203DE3F32C57D15800F0C8CC /* CurrencyConverterTests */,
				203DE3FD2C57D15800F0C8CC /* CurrencyConverterUITests */,
				203DE3E12C57D15700F0C8CC /* Products */,
			);
			sourceTree = "<group>";
		};
		203DE3E12C57D15700F0C8CC /* Products */ = {
			isa = PBXGroup;
			children = (
				203DE3E02C57D15700F0C8CC /* CurrencyConverter.app */,
				203DE3F02C57D15800F0C8CC /* CurrencyConverterTests.xctest */,
				203DE3FA2C57D15800F0C8CC /* CurrencyConverterUITests.xctest */,
			);
			name = Products;
			sourceTree = "<group>";
		};
		203DE3E22C57D15700F0C8CC /* CurrencyConverter */ = {
			isa = PBXGroup;
			children = (
				203DE41B2C57D34B00F0C8CC /* Network */,
				203DE4182C57D1C600F0C8CC /* ViewModels */,
				203DE4152C57D19F00F0C8CC /* Views */,
				203DE4122C57D19100F0C8CC /* Models */,
				203DE3E72C57D15800F0C8CC /* Assets.xcassets */,
				203DE3E92C57D15800F0C8CC /* Preview Content */,
				203DE40E2C57D18000F0C8CC /* AppDelegate.swift */,
				203DE4102C57D18A00F0C8CC /* SceneDelegate.swift */,
			);
			path = CurrencyConverter;
			sourceTree = "<group>";
		};
		203DE3E92C57D15800F0C8CC /* Preview Content */ = {
			isa = PBXGroup;
			children = (
				203DE3EA2C57D15800F0C8CC /* Preview Assets.xcassets */,
			);
			path = "Preview Content";
			sourceTree = "<group>";
		};
		203DE3F32C57D15800F0C8CC /* CurrencyConverterTests */ = {
			isa = PBXGroup;
			children = (
				203DE3F42C57D15800F0C8CC /* CurrencyConverterTests.swift */,
			);
			path = CurrencyConverterTests;
			sourceTree = "<group>";
		};
		203DE3FD2C57D15800F0C8CC /* CurrencyConverterUITests */ = {
			isa = PBXGroup;
			children = (
				203DE3FE2C57D15800F0C8CC /* CurrencyConverterUITests.swift */,
				203DE4002C57D15800F0C8CC /* CurrencyConverterUITestsLaunchTests.swift */,
			);
			path = CurrencyConverterUITests;
			sourceTree = "<group>";
		};
		203DE4122C57D19100F0C8CC /* Models */ = {
			isa = PBXGroup;
			children = (
				203DE4132C57D19900F0C8CC /* Currency.swift */,
			);
			path = Models;
			sourceTree = "<group>";
		};
		203DE4152C57D19F00F0C8CC /* Views */ = {
			isa = PBXGroup;
			children = (
				203DE4162C57D1A700F0C8CC /* ConverterView.swift */,
			);
			path = Views;
			sourceTree = "<group>";
		};
		203DE4182C57D1C600F0C8CC /* ViewModels */ = {
			isa = PBXGroup;
			children = (
				203DE4192C57D1D100F0C8CC /* ConverterViewModel.swift */,
			);
			path = ViewModels;
			sourceTree = "<group>";
		};
		203DE41B2C57D34B00F0C8CC /* Network */ = {
			isa = PBXGroup;
			children = (
				203DE41C2C57D35400F0C8CC /* APIService.swift */,
			);
			path = Network;
			sourceTree = "<group>";
		};
/* End PBXGroup section */

/* Begin PBXNativeTarget section */
		203DE3DF2C57D15700F0C8CC /* CurrencyConverter */ = {
			isa = PBXNativeTarget;
			buildConfigurationList = 203DE4042C57D15800F0C8CC /* Build configuration list for PBXNativeTarget "CurrencyConverter" */;
			buildPhases = (
				203DE3DC2C57D15700F0C8CC /* Sources */,
				203DE3DD2C57D15700F0C8CC /* Frameworks */,
				203DE3DE2C57D15700F0C8CC /* Resources */,
			);
			buildRules = (
			);
			dependencies = (
			);
			name = CurrencyConverter;
			productName = CurrencyConverter;
			productReference = 203DE3E02C57D15700F0C8CC /* CurrencyConverter.app */;
			productType = "com.apple.product-type.application";
		};
		203DE3EF2C57D15800F0C8CC /* CurrencyConverterTests */ = {
			isa = PBXNativeTarget;
			buildConfigurationList = 203DE4072C57D15800F0C8CC /* Build configuration list for PBXNativeTarget "CurrencyConverterTests" */;
			buildPhases = (
				203DE3EC2C57D15800F0C8CC /* Sources */,
				203DE3ED2C57D15800F0C8CC /* Frameworks */,
				203DE3EE2C57D15800F0C8CC /* Resources */,
			);
			buildRules = (
			);
			dependencies = (
				203DE3F22C57D15800F0C8CC /* PBXTargetDependency */,
			);
			name = CurrencyConverterTests;
			productName = CurrencyConverterTests;
			productReference = 203DE3F02C57D15800F0C8CC /* CurrencyConverterTests.xctest */;
			productType = "com.apple.product-type.bundle.unit-test";
		};
		203DE3F92C57D15800F0C8CC /* CurrencyConverterUITests */ = {
			isa = PBXNativeTarget;
			buildConfigurationList = 203DE40A2C57D15800F0C8CC /* Build configuration list for PBXNativeTarget "CurrencyConverterUITests" */;
			buildPhases = (
				203DE3F62C57D15800F0C8CC /* Sources */,
				203DE3F72C57D15800F0C8CC /* Frameworks */,
				203DE3F82C57D15800F0C8CC /* Resources */,
			);
			buildRules = (
			);
			dependencies = (
				203DE3FC2C57D15800F0C8CC /* PBXTargetDependency */,
			);
			name = CurrencyConverterUITests;
			productName = CurrencyConverterUITests;
			productReference = 203DE3FA2C57D15800F0C8CC /* CurrencyConverterUITests.xctest */;
			productType = "com.apple.product-type.bundle.ui-testing";
		};
/* End PBXNativeTarget section */

/* Begin PBXProject section */
		203DE3D82C57D15700F0C8CC /* Project object */ = {
			isa = PBXProject;
			attributes = {
				BuildIndependentTargetsInParallel = 1;
				LastSwiftUpdateCheck = 1530;
				LastUpgradeCheck = 1530;
				TargetAttributes = {
					203DE3DF2C57D15700F0C8CC = {
						CreatedOnToolsVersion = 15.3;
						LastSwiftMigration = 1530;
					};
					203DE3EF2C57D15800F0C8CC = {
						CreatedOnToolsVersion = 15.3;
						TestTargetID = 203DE3DF2C57D15700F0C8CC;
					};
					203DE3F92C57D15800F0C8CC = {
						CreatedOnToolsVersion = 15.3;
						TestTargetID = 203DE3DF2C57D15700F0C8CC;
					};
				};
			};
			buildConfigurationList = 203DE3DB2C57D15700F0C8CC /* Build configuration list for PBXProject "CurrencyConverter" */;
			compatibilityVersion = "Xcode 14.0";
			developmentRegion = en;
			hasScannedForEncodings = 0;
			knownRegions = (
				en,
				Base,
			);
			mainGroup = 203DE3D72C57D15700F0C8CC;
			productRefGroup = 203DE3E12C57D15700F0C8CC /* Products */;
			projectDirPath = "";
			projectRoot = "";
			targets = (
				203DE3DF2C57D15700F0C8CC /* CurrencyConverter */,
				203DE3EF2C57D15800F0C8CC /* CurrencyConverterTests */,
				203DE3F92C57D15800F0C8CC /* CurrencyConverterUITests */,
			);
		};
/* End PBXProject section */

/* Begin PBXResourcesBuildPhase section */
		203DE3DE2C57D15700F0C8CC /* Resources */ = {
			isa = PBXResourcesBuildPhase;
			buildActionMask = 2147483647;
			files = (
				203DE3EB2C57D15800F0C8CC /* Preview Assets.xcassets in Resources */,
				203DE3E82C57D15800F0C8CC /* Assets.xcassets in Resources */,
			);
			runOnlyForDeploymentPostprocessing = 0;
		};
		203DE3EE2C57D15800F0C8CC /* Resources */ = {
			isa = PBXResourcesBuildPhase;
			buildActionMask = 2147483647;
			files = (
			);
			runOnlyForDeploymentPostprocessing = 0;
		};
		203DE3F82C57D15800F0C8CC /* Resources */ = {
			isa = PBXResourcesBuildPhase;
			buildActionMask = 2147483647;
			files = (
			);
			runOnlyForDeploymentPostprocessing = 0;
		};
/* End PBXResourcesBuildPhase section */

/* Begin PBXSourcesBuildPhase section */
		203DE3DC2C57D15700F0C8CC /* Sources */ = {
			isa = PBXSourcesBuildPhase;
			buildActionMask = 2147483647;
			files = (
				203DE4142C57D19900F0C8CC /* Currency.swift in Sources */,
				203DE41A2C57D1D100F0C8CC /* ConverterViewModel.swift in Sources */,
				203DE4172C57D1A700F0C8CC /* ConverterView.swift in Sources */,
				203DE40F2C57D18000F0C8CC /* AppDelegate.swift in Sources */,
				203DE41D2C57D35400F0C8CC /* APIService.swift in Sources */,
				203DE4112C57D18A00F0C8CC /* SceneDelegate.swift in Sources */,
			);
			runOnlyForDeploymentPostprocessing = 0;
		};
		203DE3EC2C57D15800F0C8CC /* Sources */ = {
			isa = PBXSourcesBuildPhase;
			buildActionMask = 2147483647;
			files = (
				203DE3F52C57D15800F0C8CC /* CurrencyConverterTests.swift in Sources */,
			);
			runOnlyForDeploymentPostprocessing = 0;
		};
		203DE3F62C57D15800F0C8CC /* Sources */ = {
			isa = PBXSourcesBuildPhase;
			buildActionMask = 2147483647;
			files = (
				203DE4012C57D15800F0C8CC /* CurrencyConverterUITestsLaunchTests.swift in Sources */,
				203DE3FF2C57D15800F0C8CC /* CurrencyConverterUITests.swift in Sources */,
			);
			runOnlyForDeploymentPostprocessing = 0;
		};
/* End PBXSourcesBuildPhase section */

/* Begin PBXTargetDependency section */
		203DE3F22C57D15800F0C8CC /* PBXTargetDependency */ = {
			isa = PBXTargetDependency;
			target = 203DE3DF2C57D15700F0C8CC /* CurrencyConverter */;
			targetProxy = 203DE3F12C57D15800F0C8CC /* PBXContainerItemProxy */;
		};
		203DE3FC2C57D15800F0C8CC /* PBXTargetDependency */ = {
			isa = PBXTargetDependency;
			target = 203DE3DF2C57D15700F0C8CC /* CurrencyConverter */;
			targetProxy = 203DE3FB2C57D15800F0C8CC /* PBXContainerItemProxy */;
		};
/* End PBXTargetDependency section */

/* Begin XCBuildConfiguration section */
		203DE4022C57D15800F0C8CC /* Debug */ = {
			isa = XCBuildConfiguration;
			buildSettings = {
				ALWAYS_SEARCH_USER_PATHS = NO;
				ASSETCATALOG_COMPILER_GENERATE_SWIFT_ASSET_SYMBOL_EXTENSIONS = YES;
				CLANG_ANALYZER_NONNULL = YES;
				CLANG_ANALYZER_NUMBER_OBJECT_CONVERSION = YES_AGGRESSIVE;
				CLANG_CXX_LANGUAGE_STANDARD = "gnu++20";
				CLANG_ENABLE_MODULES = YES;
				CLANG_ENABLE_OBJC_ARC = YES;
				CLANG_ENABLE_OBJC_WEAK = YES;
				CLANG_WARN_BLOCK_CAPTURE_AUTORELEASING = YES;
				CLANG_WARN_BOOL_CONVERSION = YES;
				CLANG_WARN_COMMA = YES;
				CLANG_WARN_CONSTANT_CONVERSION = YES;
				CLANG_WARN_DEPRECATED_OBJC_IMPLEMENTATIONS = YES;
				CLANG_WARN_DIRECT_OBJC_ISA_USAGE = YES_ERROR;
				CLANG_WARN_DOCUMENTATION_COMMENTS = YES;
				CLANG_WARN_EMPTY_BODY = YES;
				CLANG_WARN_ENUM_CONVERSION = YES;
				CLANG_WARN_INFINITE_RECURSION = YES;
				CLANG_WARN_INT_CONVERSION = YES;
				CLANG_WARN_NON_LITERAL_NULL_CONVERSION = YES;
				CLANG_WARN_OBJC_IMPLICIT_RETAIN_SELF = YES;
				CLANG_WARN_OBJC_LITERAL_CONVERSION = YES;
				CLANG_WARN_OBJC_ROOT_CLASS = YES_ERROR;
				CLANG_WARN_QUOTED_INCLUDE_IN_FRAMEWORK_HEADER = YES;
				CLANG_WARN_RANGE_LOOP_ANALYSIS = YES;
				CLANG_WARN_STRICT_PROTOTYPES = YES;
				CLANG_WARN_SUSPICIOUS_MOVE = YES;
				CLANG_WARN_UNGUARDED_AVAILABILITY = YES_AGGRESSIVE;
				CLANG_WARN_UNREACHABLE_CODE = YES;
				CLANG_WARN__DUPLICATE_METHOD_MATCH = YES;
				COPY_PHASE_STRIP = NO;
				DEBUG_INFORMATION_FORMAT = dwarf;
				ENABLE_STRICT_OBJC_MSGSEND = YES;
				ENABLE_TESTABILITY = YES;
				ENABLE_USER_SCRIPT_SANDBOXING = YES;
				GCC_C_LANGUAGE_STANDARD = gnu17;
				GCC_DYNAMIC_NO_PIC = NO;
				GCC_NO_COMMON_BLOCKS = YES;
				GCC_OPTIMIZATION_LEVEL = 0;
				GCC_PREPROCESSOR_DEFINITIONS = (
					"DEBUG=1",
					"$(inherited)",
				);
				GCC_WARN_64_TO_32_BIT_CONVERSION = YES;
				GCC_WARN_ABOUT_RETURN_TYPE = YES_ERROR;
				GCC_WARN_UNDECLARED_SELECTOR = YES;
				GCC_WARN_UNINITIALIZED_AUTOS = YES_AGGRESSIVE;
				GCC_WARN_UNUSED_FUNCTION = YES;
				GCC_WARN_UNUSED_VARIABLE = YES;
				IPHONEOS_DEPLOYMENT_TARGET = 17.4;
				LOCALIZATION_PREFERS_STRING_CATALOGS = YES;
				MTL_ENABLE_DEBUG_INFO = INCLUDE_SOURCE;
				MTL_FAST_MATH = YES;
				ONLY_ACTIVE_ARCH = YES;
				SDKROOT = iphoneos;
				SWIFT_ACTIVE_COMPILATION_CONDITIONS = "DEBUG $(inherited)";
				SWIFT_OPTIMIZATION_LEVEL = "-Onone";
			};
			name = Debug;
		};
		203DE4032C57D15800F0C8CC /* Release */ = {
			isa = XCBuildConfiguration;
			buildSettings = {
				ALWAYS_SEARCH_USER_PATHS = NO;
				ASSETCATALOG_COMPILER_GENERATE_SWIFT_ASSET_SYMBOL_EXTENSIONS = YES;
				CLANG_ANALYZER_NONNULL = YES;
				CLANG_ANALYZER_NUMBER_OBJECT_CONVERSION = YES_AGGRESSIVE;
				CLANG_CXX_LANGUAGE_STANDARD = "gnu++20";
				CLANG_ENABLE_MODULES = YES;
				CLANG_ENABLE_OBJC_ARC = YES;
				CLANG_ENABLE_OBJC_WEAK = YES;
				CLANG_WARN_BLOCK_CAPTURE_AUTORELEASING = YES;
				CLANG_WARN_BOOL_CONVERSION = YES;
				CLANG_WARN_COMMA = YES;
				CLANG_WARN_CONSTANT_CONVERSION = YES;
				CLANG_WARN_DEPRECATED_OBJC_IMPLEMENTATIONS = YES;
				CLANG_WARN_DIRECT_OBJC_ISA_USAGE = YES_ERROR;
				CLANG_WARN_DOCUMENTATION_COMMENTS = YES;
				CLANG_WARN_EMPTY_BODY = YES;
				CLANG_WARN_ENUM_CONVERSION = YES;
				CLANG_WARN_INFINITE_RECURSION = YES;
				CLANG_WARN_INT_CONVERSION = YES;
				CLANG_WARN_NON_LITERAL_NULL_CONVERSION = YES;
				CLANG_WARN_OBJC_IMPLICIT_RETAIN_SELF = YES;
				CLANG_WARN_OBJC_LITERAL_CONVERSION = YES;
				CLANG_WARN_OBJC_ROOT_CLASS = YES_ERROR;
				CLANG_WARN_QUOTED_INCLUDE_IN_FRAMEWORK_HEADER = YES;
				CLANG_WARN_RANGE_LOOP_ANALYSIS = YES;
				CLANG_WARN_STRICT_PROTOTYPES = YES;
				CLANG_WARN_SUSPICIOUS_MOVE = YES;
				CLANG_WARN_UNGUARDED_AVAILABILITY = YES_AGGRESSIVE;
				CLANG_WARN_UNREACHABLE_CODE = YES;
				CLANG_WARN__DUPLICATE_METHOD_MATCH = YES;
				COPY_PHASE_STRIP = NO;
				DEBUG_INFORMATION_FORMAT = "dwarf-with-dsym";
				ENABLE_NS_ASSERTIONS = NO;
				ENABLE_STRICT_OBJC_MSGSEND = YES;
				ENABLE_USER_SCRIPT_SANDBOXING = YES;
				GCC_C_LANGUAGE_STANDARD = gnu17;
				GCC_NO_COMMON_BLOCKS = YES;
				GCC_WARN_64_TO_32_BIT_CONVERSION = YES;
				GCC_WARN_ABOUT_RETURN_TYPE = YES_ERROR;
				GCC_WARN_UNDECLARED_SELECTOR = YES;
				GCC_WARN_UNINITIALIZED_AUTOS = YES_AGGRESSIVE;
				GCC_WARN_UNUSED_FUNCTION = YES;
				GCC_WARN_UNUSED_VARIABLE = YES;
				IPHONEOS_DEPLOYMENT_TARGET = 17.4;
				LOCALIZATION_PREFERS_STRING_CATALOGS = YES;
				MTL_ENABLE_DEBUG_INFO = NO;
				MTL_FAST_MATH = YES;
				SDKROOT = iphoneos;
				SWIFT_COMPILATION_MODE = wholemodule;
				VALIDATE_PRODUCT = YES;
			};
			name = Release;
		};
		203DE4052C57D15800F0C8CC /* Debug */ = {
			isa = XCBuildConfiguration;
			buildSettings = {
				ASSETCATALOG_COMPILER_APPICON_NAME = AppIcon;
				ASSETCATALOG_COMPILER_GLOBAL_ACCENT_COLOR_NAME = AccentColor;
				CLANG_ENABLE_MODULES = YES;
				CODE_SIGN_STYLE = Automatic;
				CURRENT_PROJECT_VERSION = 1;
				DEVELOPMENT_ASSET_PATHS = "\"CurrencyConverter/Preview Content\"";
				ENABLE_PREVIEWS = YES;
				GENERATE_INFOPLIST_FILE = YES;
				INFOPLIST_KEY_UIApplicationSceneManifest_Generation = YES;
				INFOPLIST_KEY_UIApplicationSupportsIndirectInputEvents = YES;
				INFOPLIST_KEY_UILaunchScreen_Generation = YES;
				INFOPLIST_KEY_UISupportedInterfaceOrientations_iPad = "UIInterfaceOrientationPortrait UIInterfaceOrientationPortraitUpsideDown UIInterfaceOrientationLandscapeLeft UIInterfaceOrientationLandscapeRight";
				INFOPLIST_KEY_UISupportedInterfaceOrientations_iPhone = "UIInterfaceOrientationPortrait UIInterfaceOrientationLandscapeLeft UIInterfaceOrientationLandscapeRight";
				LD_RUNPATH_SEARCH_PATHS = (
					"$(inherited)",
					"@executable_path/Frameworks",
				);
				MARKETING_VERSION = 1.0;
				PRODUCT_BUNDLE_IDENTIFIER = knln.CurrencyConverter;
				PRODUCT_NAME = "$(TARGET_NAME)";
				SWIFT_EMIT_LOC_STRINGS = YES;
				SWIFT_OBJC_BRIDGING_HEADER = "CurrencyConverter/CurrencyConverter-Bridging-Header.h";
				SWIFT_OPTIMIZATION_LEVEL = "-Onone";
				SWIFT_VERSION = 5.0;
				TARGETED_DEVICE_FAMILY = "1,2";
			};
			name = Debug;
		};
		203DE4062C57D15800F0C8CC /* Release */ = {
			isa = XCBuildConfiguration;
			buildSettings = {
				ASSETCATALOG_COMPILER_APPICON_NAME = AppIcon;
				ASSETCATALOG_COMPILER_GLOBAL_ACCENT_COLOR_NAME = AccentColor;
				CLANG_ENABLE_MODULES = YES;
				CODE_SIGN_STYLE = Automatic;
				CURRENT_PROJECT_VERSION = 1;
				DEVELOPMENT_ASSET_PATHS = "\"CurrencyConverter/Preview Content\"";
				ENABLE_PREVIEWS = YES;
				GENERATE_INFOPLIST_FILE = YES;
				INFOPLIST_KEY_UIApplicationSceneManifest_Generation = YES;
				INFOPLIST_KEY_UIApplicationSupportsIndirectInputEvents = YES;
				INFOPLIST_KEY_UILaunchScreen_Generation = YES;
				INFOPLIST_KEY_UISupportedInterfaceOrientations_iPad = "UIInterfaceOrientationPortrait UIInterfaceOrientationPortraitUpsideDown UIInterfaceOrientationLandscapeLeft UIInterfaceOrientationLandscapeRight";
				INFOPLIST_KEY_UISupportedInterfaceOrientations_iPhone = "UIInterfaceOrientationPortrait UIInterfaceOrientationLandscapeLeft UIInterfaceOrientationLandscapeRight";
				LD_RUNPATH_SEARCH_PATHS = (
					"$(inherited)",
					"@executable_path/Frameworks",
				);
				MARKETING_VERSION = 1.0;
				PRODUCT_BUNDLE_IDENTIFIER = knln.CurrencyConverter;
				PRODUCT_NAME = "$(TARGET_NAME)";
				SWIFT_EMIT_LOC_STRINGS = YES;
				SWIFT_OBJC_BRIDGING_HEADER = "CurrencyConverter/CurrencyConverter-Bridging-Header.h";
				SWIFT_VERSION = 5.0;
				TARGETED_DEVICE_FAMILY = "1,2";
			};
			name = Release;
		};
		203DE4082C57D15800F0C8CC /* Debug */ = {
			isa = XCBuildConfiguration;
			buildSettings = {
				ALWAYS_EMBED_SWIFT_STANDARD_LIBRARIES = YES;
				BUNDLE_LOADER = "$(TEST_HOST)";
				CODE_SIGN_STYLE = Automatic;
				CURRENT_PROJECT_VERSION = 1;
				GENERATE_INFOPLIST_FILE = YES;
				IPHONEOS_DEPLOYMENT_TARGET = 17.4;
				MARKETING_VERSION = 1.0;
				PRODUCT_BUNDLE_IDENTIFIER = knln.CurrencyConverterTests;
				PRODUCT_NAME = "$(TARGET_NAME)";
				SWIFT_EMIT_LOC_STRINGS = NO;
				SWIFT_VERSION = 5.0;
				TARGETED_DEVICE_FAMILY = "1,2";
				TEST_HOST = "$(BUILT_PRODUCTS_DIR)/CurrencyConverter.app/$(BUNDLE_EXECUTABLE_FOLDER_PATH)/CurrencyConverter";
			};
			name = Debug;
		};
		203DE4092C57D15800F0C8CC /* Release */ = {
			isa = XCBuildConfiguration;
			buildSettings = {
				ALWAYS_EMBED_SWIFT_STANDARD_LIBRARIES = YES;
				BUNDLE_LOADER = "$(TEST_HOST)";
				CODE_SIGN_STYLE = Automatic;
				CURRENT_PROJECT_VERSION = 1;
				GENERATE_INFOPLIST_FILE = YES;
				IPHONEOS_DEPLOYMENT_TARGET = 17.4;
				MARKETING_VERSION = 1.0;
				PRODUCT_BUNDLE_IDENTIFIER = knln.CurrencyConverterTests;
				PRODUCT_NAME = "$(TARGET_NAME)";
				SWIFT_EMIT_LOC_STRINGS = NO;
				SWIFT_VERSION = 5.0;
				TARGETED_DEVICE_FAMILY = "1,2";
				TEST_HOST = "$(BUILT_PRODUCTS_DIR)/CurrencyConverter.app/$(BUNDLE_EXECUTABLE_FOLDER_PATH)/CurrencyConverter";
			};
			name = Release;
		};
		203DE40B2C57D15800F0C8CC /* Debug */ = {
			isa = XCBuildConfiguration;
			buildSettings = {
				ALWAYS_EMBED_SWIFT_STANDARD_LIBRARIES = YES;
				CODE_SIGN_STYLE = Automatic;
				CURRENT_PROJECT_VERSION = 1;
				GENERATE_INFOPLIST_FILE = YES;
				MARKETING_VERSION = 1.0;
				PRODUCT_BUNDLE_IDENTIFIER = knln.CurrencyConverterUITests;
				PRODUCT_NAME = "$(TARGET_NAME)";
				SWIFT_EMIT_LOC_STRINGS = NO;
				SWIFT_VERSION = 5.0;
				TARGETED_DEVICE_FAMILY = "1,2";
				TEST_TARGET_NAME = CurrencyConverter;
			};
			name = Debug;
		};
		203DE40C2C57D15800F0C8CC /* Release */ = {
			isa = XCBuildConfiguration;
			buildSettings = {
				ALWAYS_EMBED_SWIFT_STANDARD_LIBRARIES = YES;
				CODE_SIGN_STYLE = Automatic;
				CURRENT_PROJECT_VERSION = 1;
				GENERATE_INFOPLIST_FILE = YES;
				MARKETING_VERSION = 1.0;
				PRODUCT_BUNDLE_IDENTIFIER = knln.CurrencyConverterUITests;
				PRODUCT_NAME = "$(TARGET_NAME)";
				SWIFT_EMIT_LOC_STRINGS = NO;
				SWIFT_VERSION = 5.0;
				TARGETED_DEVICE_FAMILY = "1,2";
				TEST_TARGET_NAME = CurrencyConverter;
			};
			name = Release;
		};
/* End XCBuildConfiguration section */

/* Begin XCConfigurationList section */
		203DE3DB2C57D15700F0C8CC /* Build configuration list for PBXProject "CurrencyConverter" */ = {
			isa = XCConfigurationList;
			buildConfigurations = (
				203DE4022C57D15800F0C8CC /* Debug */,
				203DE4032C57D15800F0C8CC /* Release */,
			);
			defaultConfigurationIsVisible = 0;
			defaultConfigurationName = Release;
		};
		203DE4042C57D15800F0C8CC /* Build configuration list for PBXNativeTarget "CurrencyConverter" */ = {
			isa = XCConfigurationList;
			buildConfigurations = (
				203DE4052C57D15800F0C8CC /* Debug */,
				203DE4062C57D15800F0C8CC /* Release */,
			);
			defaultConfigurationIsVisible = 0;
			defaultConfigurationName = Release;
		};
		203DE4072C57D15800F0C8CC /* Build configuration list for PBXNativeTarget "CurrencyConverterTests" */ = {
			isa = XCConfigurationList;
			buildConfigurations = (
				203DE4082C57D15800F0C8CC /* Debug */,
				203DE4092C57D15800F0C8CC /* Release */,
			);
			defaultConfigurationIsVisible = 0;
			defaultConfigurationName = Release;
		};
		203DE40A2C57D15800F0C8CC /* Build configuration list for PBXNativeTarget "CurrencyConverterUITests" */ = {
			isa = XCConfigurationList;
			buildConfigurations = (
				203DE40B2C57D15800F0C8CC /* Debug */,
				203DE40C2C57D15800F0C8CC /* Release */,
			);
			defaultConfigurationIsVisible = 0;
			defaultConfigurationName = Release;
		};
/* End XCConfigurationList section */
	};
	rootObject = 203DE3D82C57D15700F0C8CC /* Project object */;
}
